{
  "requires": true,
  "lockfileVersion": 1,
  "dependencies": {
    "date-fns": {
      "version": "2.14.0",
      "resolved": "https://registry.npmjs.org/date-fns/-/date-fns-2.14.0.tgz",
      "integrity": "sha512-1zD+68jhFgDIM0rF05rcwYO8cExdNqxjq4xP1QKM60Q45mnO6zaMWB4tOzrIr4M4GSLntsKeE4c9Bdl2jhL/yw=="
    },
    "date-format-parse": {
      "version": "0.2.5",
      "resolved": "https://registry.npmjs.org/date-format-parse/-/date-format-parse-0.2.5.tgz",
      "integrity": "sha512-PzvB3p9bTxrGQbz3ZlO/kxgXzKZhMo4l0OQfPqVYjuwixHRS9yHH6cUJI9JG2Hh6iUQgh17T7w95lzQ131dS/g=="
    },
    "vee-validate": {
      "version": "3.2.5",
      "resolved": "https://registry.npmjs.org/vee-validate/-/vee-validate-3.2.5.tgz",
      "integrity": "sha512-qUgx4fcD077aNYuaRmK5qZ6G/qRHI0igC5tvGP1IRtvkScOyhCHuZwCcto4VPy5Cip0yAOqrbFudD9JOevwZhw=="
    },
    "vue2-datepicker": {
      "version": "3.5.0",
      "resolved": "https://registry.npmjs.org/vue2-datepicker/-/vue2-datepicker-3.5.0.tgz",
      "integrity": "sha512-E52TUjf57Qj2ZWtwtplS+BtYfz8wQFHnjux0q2X8N+ENvL3rHjp9pwEs0ukT1rDTouLdPtvACaXXLfDEy39mlw==",
      "requires": {
        "date-fns": "^2.0.1",
        "date-format-parse": "^0.2.5"
      }
    }
  }
}
